
Microsoft Visual Studio Solution File, Format Version 12.00
# Visual Studio 2013
VisualStudioVersion = 12.0.31101.0
MinimumVisualStudioVersion = 10.0.40219.1
Project("{FAE04EC0-301F-11D3-BF4B-00C04F79EFBC}") = "LGroup.Model", "LGroup.Model\LGroup.Model.csproj", "{56CCF8D5-128A-4C7A-AF8D-9CA5020B81D5}"
EndProject
Project("{FAE04EC0-301F-11D3-BF4B-00C04F79EFBC}") = "LGroup.TestBuilder", "LGroup.TestBuilder\LGroup.TestBuilder.csproj", "{AE129C36-A891-41A6-B10B-92AA1A67EE77}"
EndProject
Global
	GlobalSection(TeamFoundationVersionControl) = preSolution
		SccNumberOfProjects = 3
		SccEnterpriseProvider = {4CA58AB2-18FA-4F8D-95D4-32DDF27D184C}
		SccTeamFoundationServer = https://charlesmendes.visualstudio.com/defaultcollection
		SccLocalPath0 = .
		SccProjectUniqueName1 = LGroup.Model\\LGroup.Model.csproj
		SccProjectName1 = LGroup.Model
		SccLocalPath1 = LGroup.Model
		SccProjectUniqueName2 = LGroup.TestBuilder\\LGroup.TestBuilder.csproj
		SccProjectName2 = LGroup.TestBuilder
		SccLocalPath2 = LGroup.TestBuilder
	EndGlobalSection
	GlobalSection(SolutionConfigurationPlatforms) = preSolution
		Debug|Any CPU = Debug|Any CPU
		Release|Any CPU = Release|Any CPU
	EndGlobalSection
	GlobalSection(ProjectConfigurationPlatforms) = postSolution
		{56CCF8D5-128A-4C7A-AF8D-9CA5020B81D5}.Debug|Any CPU.ActiveCfg = Debug|Any CPU
		{56CCF8D5-128A-4C7A-AF8D-9CA5020B81D5}.Debug|Any CPU.Build.0 = Debug|Any CPU
		{56CCF8D5-128A-4C7A-AF8D-9CA5020B81D5}.Release|Any CPU.ActiveCfg = Release|Any CPU
		{56CCF8D5-128A-4C7A-AF8D-9CA5020B81D5}.Release|Any CPU.Build.0 = Release|Any CPU
		{AE129C36-A891-41A6-B10B-92AA1A67EE77}.Debug|Any CPU.ActiveCfg = Debug|Any CPU
		{AE129C36-A891-41A6-B10B-92AA1A67EE77}.Debug|Any CPU.Build.0 = Debug|Any CPU
		{AE129C36-A891-41A6-B10B-92AA1A67EE77}.Release|Any CPU.ActiveCfg = Release|Any CPU
		{AE129C36-A891-41A6-B10B-92AA1A67EE77}.Release|Any CPU.Build.0 = Release|Any CPU
	EndGlobalSection
	GlobalSection(SolutionProperties) = preSolution
		HideSolutionNode = FALSE
	EndGlobalSection
EndGlobal
