
Microsoft Visual Studio Solution File, Format Version 12.00
# Visual Studio 2013
VisualStudioVersion = 12.0.31101.0
MinimumVisualStudioVersion = 10.0.40219.1
Project("{FAE04EC0-301F-11D3-BF4B-00C04F79EFBC}") = "LGroup.UI.Web", "LGroup.UI.Web\LGroup.UI.Web.csproj", "{C756FE0D-A98A-4504-9B24-A75F37250D13}"
EndProject
Project("{FAE04EC0-301F-11D3-BF4B-00C04F79EFBC}") = "LGroup.DataAccess", "..\Entities\UnitOfWork\LGroup.DataAccess\LGroup.DataAccess.csproj", "{F2102241-626C-4E85-9A8B-225790794689}"
EndProject
Project("{FAE04EC0-301F-11D3-BF4B-00C04F79EFBC}") = "LGroup.DataAccess.Contracts", "..\Entities\UnitOfWork\LGroup.DataAccess.Contracts\LGroup.DataAccess.Contracts.csproj", "{FD16DF49-E7D3-4B9A-B6CE-9464A76495FB}"
EndProject
Project("{FAE04EC0-301F-11D3-BF4B-00C04F79EFBC}") = "LGroup.Model", "..\Entities\UnitOfWork\LGroup.Model\LGroup.Model.csproj", "{E17B44D5-32C2-4367-8D0D-8E035AC4043E}"
EndProject
Project("{2150E333-8FDC-42A3-9474-1A3956D46DE8}") = "Acesso a Dados", "Acesso a Dados", "{88B30500-F959-4357-A9D9-15841E755CCD}"
EndProject
Project("{2150E333-8FDC-42A3-9474-1A3956D46DE8}") = "Armazenamento de Dados", "Armazenamento de Dados", "{410ACA81-963C-404F-83A4-C45B7D16A6AF}"
EndProject
Project("{2150E333-8FDC-42A3-9474-1A3956D46DE8}") = "Apresentação", "Apresentação", "{A537A86A-7623-41DB-AE8E-87A4DCBC6BC9}"
EndProject
Project("{FAE04EC0-301F-11D3-BF4B-00C04F79EFBC}") = "LGroup.Uow", "LGroup.Uow\LGroup.Uow.csproj", "{FC921F3A-2D77-4AB8-9ED8-0696ADD518FC}"
EndProject
Project("{FAE04EC0-301F-11D3-BF4B-00C04F79EFBC}") = "LGroup.UnitOfWork", "LGroup.UnitOfWork\LGroup.UnitOfWork.csproj", "{5F3FE9FB-22E6-49B0-A375-C0E580505C3C}"
EndProject
Global
	GlobalSection(TeamFoundationVersionControl) = preSolution
		SccNumberOfProjects = 7
		SccEnterpriseProvider = {4CA58AB2-18FA-4F8D-95D4-32DDF27D184C}
		SccTeamFoundationServer = https://charlesmendes.visualstudio.com/defaultcollection
		SccLocalPath0 = .
		SccProjectUniqueName1 = ..\\Entities\\UnitOfWork\\LGroup.DataAccess\\LGroup.DataAccess.csproj
		SccProjectTopLevelParentUniqueName1 = LGroup.UnitOfWork.sln
		SccProjectName1 = ../Entities/UnitOfWork/LGroup.DataAccess
		SccLocalPath1 = ..\\Entities\\UnitOfWork\\LGroup.DataAccess
		SccProjectUniqueName2 = ..\\Entities\\UnitOfWork\\LGroup.DataAccess.Contracts\\LGroup.DataAccess.Contracts.csproj
		SccProjectTopLevelParentUniqueName2 = LGroup.UnitOfWork.sln
		SccProjectName2 = ../Entities/UnitOfWork/LGroup.DataAccess.Contracts
		SccLocalPath2 = ..\\Entities\\UnitOfWork\\LGroup.DataAccess.Contracts
		SccProjectUniqueName3 = ..\\Entities\\UnitOfWork\\LGroup.Model\\LGroup.Model.csproj
		SccProjectTopLevelParentUniqueName3 = LGroup.UnitOfWork.sln
		SccProjectName3 = ../Entities/UnitOfWork/LGroup.Model
		SccLocalPath3 = ..\\Entities\\UnitOfWork\\LGroup.Model
		SccProjectUniqueName4 = LGroup.UI.Web\\LGroup.UI.Web.csproj
		SccProjectTopLevelParentUniqueName4 = LGroup.UnitOfWork.sln
		SccProjectName4 = LGroup.UI.Web
		SccLocalPath4 = LGroup.UI.Web
		SccProjectUniqueName5 = LGroup.Uow\\LGroup.Uow.csproj
		SccProjectTopLevelParentUniqueName5 = LGroup.UnitOfWork.sln
		SccProjectName5 = LGroup.Uow
		SccLocalPath5 = LGroup.Uow
		SccProjectUniqueName6 = LGroup.UnitOfWork\\LGroup.UnitOfWork.csproj
		SccProjectTopLevelParentUniqueName6 = LGroup.UnitOfWork.sln
		SccProjectName6 = LGroup.UnitOfWork
		SccLocalPath6 = LGroup.UnitOfWork
	EndGlobalSection
	GlobalSection(SolutionConfigurationPlatforms) = preSolution
		Debug|Any CPU = Debug|Any CPU
		Release|Any CPU = Release|Any CPU
	EndGlobalSection
	GlobalSection(ProjectConfigurationPlatforms) = postSolution
		{C756FE0D-A98A-4504-9B24-A75F37250D13}.Debug|Any CPU.ActiveCfg = Debug|Any CPU
		{C756FE0D-A98A-4504-9B24-A75F37250D13}.Debug|Any CPU.Build.0 = Debug|Any CPU
		{C756FE0D-A98A-4504-9B24-A75F37250D13}.Release|Any CPU.ActiveCfg = Release|Any CPU
		{C756FE0D-A98A-4504-9B24-A75F37250D13}.Release|Any CPU.Build.0 = Release|Any CPU
		{F2102241-626C-4E85-9A8B-225790794689}.Debug|Any CPU.ActiveCfg = Debug|Any CPU
		{F2102241-626C-4E85-9A8B-225790794689}.Debug|Any CPU.Build.0 = Debug|Any CPU
		{F2102241-626C-4E85-9A8B-225790794689}.Release|Any CPU.ActiveCfg = Release|Any CPU
		{F2102241-626C-4E85-9A8B-225790794689}.Release|Any CPU.Build.0 = Release|Any CPU
		{FD16DF49-E7D3-4B9A-B6CE-9464A76495FB}.Debug|Any CPU.ActiveCfg = Debug|Any CPU
		{FD16DF49-E7D3-4B9A-B6CE-9464A76495FB}.Debug|Any CPU.Build.0 = Debug|Any CPU
		{FD16DF49-E7D3-4B9A-B6CE-9464A76495FB}.Release|Any CPU.ActiveCfg = Release|Any CPU
		{FD16DF49-E7D3-4B9A-B6CE-9464A76495FB}.Release|Any CPU.Build.0 = Release|Any CPU
		{E17B44D5-32C2-4367-8D0D-8E035AC4043E}.Debug|Any CPU.ActiveCfg = Debug|Any CPU
		{E17B44D5-32C2-4367-8D0D-8E035AC4043E}.Debug|Any CPU.Build.0 = Debug|Any CPU
		{E17B44D5-32C2-4367-8D0D-8E035AC4043E}.Release|Any CPU.ActiveCfg = Release|Any CPU
		{E17B44D5-32C2-4367-8D0D-8E035AC4043E}.Release|Any CPU.Build.0 = Release|Any CPU
		{FC921F3A-2D77-4AB8-9ED8-0696ADD518FC}.Debug|Any CPU.ActiveCfg = Debug|Any CPU
		{FC921F3A-2D77-4AB8-9ED8-0696ADD518FC}.Debug|Any CPU.Build.0 = Debug|Any CPU
		{FC921F3A-2D77-4AB8-9ED8-0696ADD518FC}.Release|Any CPU.ActiveCfg = Release|Any CPU
		{FC921F3A-2D77-4AB8-9ED8-0696ADD518FC}.Release|Any CPU.Build.0 = Release|Any CPU
		{5F3FE9FB-22E6-49B0-A375-C0E580505C3C}.Debug|Any CPU.ActiveCfg = Debug|Any CPU
		{5F3FE9FB-22E6-49B0-A375-C0E580505C3C}.Debug|Any CPU.Build.0 = Debug|Any CPU
		{5F3FE9FB-22E6-49B0-A375-C0E580505C3C}.Release|Any CPU.ActiveCfg = Release|Any CPU
		{5F3FE9FB-22E6-49B0-A375-C0E580505C3C}.Release|Any CPU.Build.0 = Release|Any CPU
	EndGlobalSection
	GlobalSection(SolutionProperties) = preSolution
		HideSolutionNode = FALSE
	EndGlobalSection
	GlobalSection(NestedProjects) = preSolution
		{C756FE0D-A98A-4504-9B24-A75F37250D13} = {A537A86A-7623-41DB-AE8E-87A4DCBC6BC9}
		{F2102241-626C-4E85-9A8B-225790794689} = {88B30500-F959-4357-A9D9-15841E755CCD}
		{FD16DF49-E7D3-4B9A-B6CE-9464A76495FB} = {88B30500-F959-4357-A9D9-15841E755CCD}
		{E17B44D5-32C2-4367-8D0D-8E035AC4043E} = {410ACA81-963C-404F-83A4-C45B7D16A6AF}
		{FC921F3A-2D77-4AB8-9ED8-0696ADD518FC} = {A537A86A-7623-41DB-AE8E-87A4DCBC6BC9}
		{5F3FE9FB-22E6-49B0-A375-C0E580505C3C} = {88B30500-F959-4357-A9D9-15841E755CCD}
	EndGlobalSection
EndGlobal
