
Microsoft Visual Studio Solution File, Format Version 12.00
# Visual Studio 2013
VisualStudioVersion = 12.0.31101.0
MinimumVisualStudioVersion = 10.0.40219.1
Project("{FAE04EC0-301F-11D3-BF4B-00C04F79EFBC}") = "LGroup.Model", "LGroup.Model\LGroup.Model.csproj", "{E17B44D5-32C2-4367-8D0D-8E035AC4043E}"
EndProject
Project("{FAE04EC0-301F-11D3-BF4B-00C04F79EFBC}") = "LGroup.Test", "LGroup.Test\LGroup.Test.csproj", "{7AB62CCD-D149-4009-8276-69AADAB2E4AD}"
EndProject
Global
	GlobalSection(TeamFoundationVersionControl) = preSolution
		SccNumberOfProjects = 3
		SccEnterpriseProvider = {4CA58AB2-18FA-4F8D-95D4-32DDF27D184C}
		SccTeamFoundationServer = https://charlesmendes.visualstudio.com/defaultcollection
		SccLocalPath0 = .
		SccProjectUniqueName1 = LGroup.Model\\LGroup.Model.csproj
		SccProjectName1 = LGroup.Model
		SccLocalPath1 = LGroup.Model
		SccProjectUniqueName2 = LGroup.Test\\LGroup.Test.csproj
		SccProjectName2 = LGroup.Test
		SccLocalPath2 = LGroup.Test
	EndGlobalSection
	GlobalSection(SolutionConfigurationPlatforms) = preSolution
		Debug|Any CPU = Debug|Any CPU
		Release|Any CPU = Release|Any CPU
	EndGlobalSection
	GlobalSection(ProjectConfigurationPlatforms) = postSolution
		{E17B44D5-32C2-4367-8D0D-8E035AC4043E}.Debug|Any CPU.ActiveCfg = Debug|Any CPU
		{E17B44D5-32C2-4367-8D0D-8E035AC4043E}.Debug|Any CPU.Build.0 = Debug|Any CPU
		{E17B44D5-32C2-4367-8D0D-8E035AC4043E}.Release|Any CPU.ActiveCfg = Release|Any CPU
		{E17B44D5-32C2-4367-8D0D-8E035AC4043E}.Release|Any CPU.Build.0 = Release|Any CPU
		{7AB62CCD-D149-4009-8276-69AADAB2E4AD}.Debug|Any CPU.ActiveCfg = Debug|Any CPU
		{7AB62CCD-D149-4009-8276-69AADAB2E4AD}.Debug|Any CPU.Build.0 = Debug|Any CPU
		{7AB62CCD-D149-4009-8276-69AADAB2E4AD}.Release|Any CPU.ActiveCfg = Release|Any CPU
		{7AB62CCD-D149-4009-8276-69AADAB2E4AD}.Release|Any CPU.Build.0 = Release|Any CPU
	EndGlobalSection
	GlobalSection(SolutionProperties) = preSolution
		HideSolutionNode = FALSE
	EndGlobalSection
EndGlobal
